
Microsoft Visual Studio Solution File, Format Version 12.00
# Visual Studio 15
Project("{FAE04EC0-301F-11D3-BF4B-00C04F79EFBC}") = "VsLiveSanDiego", "VsLiveSanDiego.csproj", "{C88378BD-6CE7-4DDD-B5FF-3B6768B784DE}"
EndProject
Global
	GlobalSection(SolutionConfigurationPlatforms) = preSolution
		Debug|Any CPU = Debug|Any CPU
		Release|Any CPU = Release|Any CPU
	EndGlobalSection
	GlobalSection(ProjectConfigurationPlatforms) = postSolution
		{C88378BD-6CE7-4DDD-B5FF-3B6768B784DE}.Debug|Any CPU.ActiveCfg = Debug|Any CPU
		{C88378BD-6CE7-4DDD-B5FF-3B6768B784DE}.Debug|Any CPU.Build.0 = Debug|Any CPU
		{C88378BD-6CE7-4DDD-B5FF-3B6768B784DE}.Release|Any CPU.ActiveCfg = Release|Any CPU
		{C88378BD-6CE7-4DDD-B5FF-3B6768B784DE}.Release|Any CPU.Build.0 = Release|Any CPU
	EndGlobalSection
EndGlobal
